
Microsoft Visual Studio Solution File, Format Version 12.00
# Visual Studio Version 17
VisualStudioVersion = 17.6.33829.357
MinimumVisualStudioVersion = 10.0.40219.1
Project("{9A19103F-16F7-4668-BE54-9A1E7A4F7556}") = "Tetris_game", "Tetris_game\Tetris_game.csproj", "{A5D23F04-16BA-48E8-9AB3-533303355852}"
EndProject
Global
	GlobalSection(SolutionConfigurationPlatforms) = preSolution
		Debug|Any CPU = Debug|Any CPU
		Release|Any CPU = Release|Any CPU
	EndGlobalSection
	GlobalSection(ProjectConfigurationPlatforms) = postSolution
		{A5D23F04-16BA-48E8-9AB3-533303355852}.Debug|Any CPU.ActiveCfg = Debug|Any CPU
		{A5D23F04-16BA-48E8-9AB3-533303355852}.Debug|Any CPU.Build.0 = Debug|Any CPU
		{A5D23F04-16BA-48E8-9AB3-533303355852}.Release|Any CPU.ActiveCfg = Release|Any CPU
		{A5D23F04-16BA-48E8-9AB3-533303355852}.Release|Any CPU.Build.0 = Release|Any CPU
	EndGlobalSection
	GlobalSection(SolutionProperties) = preSolution
		HideSolutionNode = FALSE
	EndGlobalSection
	GlobalSection(ExtensibilityGlobals) = postSolution
		SolutionGuid = {7A7F31CD-9068-4AF0-9417-32689BAADBBA}
	EndGlobalSection
EndGlobal
